# THIS IS AN AUTOGENERATED FILE. DO NOT EDIT THIS FILE DIRECTLY.
# yarn lockfile v1


"@types/prismjs@^1.26.0":
  version "1.26.0"
  resolved "https://registry.yarnpkg.com/@types/prismjs/-/prismjs-1.26.0.tgz#a1c3809b0ad61c62cac6d4e0c56d610c910b7654"
  integrity sha512-ZTaqn/qSqUuAq1YwvOFQfVW1AR/oQJlLSZVustdjwI+GZ8kr0MSHBj0tsXPW1EqHubx50gtBEjbPGsdZwQwCjQ==
